
Microsoft Visual Studio Solution File, Format Version 12.00
# Visual Studio Version 16
VisualStudioVersion = 16.0.31515.178
MinimumVisualStudioVersion = 10.0.40219.1
Project("{FAE04EC0-301F-11D3-BF4B-00C04F79EFBC}") = "DotaGuideToGreatness", "DotaGuideToGreatness\DotaGuideToGreatness.csproj", "{466B6F06-130D-4BFF-B658-4802A3B5FCBA}"
EndProject
Global
	GlobalSection(SolutionConfigurationPlatforms) = preSolution
		Debug|Any CPU = Debug|Any CPU
		Release|Any CPU = Release|Any CPU
	EndGlobalSection
	GlobalSection(ProjectConfigurationPlatforms) = postSolution
		{466B6F06-130D-4BFF-B658-4802A3B5FCBA}.Debug|Any CPU.ActiveCfg = Debug|Any CPU
		{466B6F06-130D-4BFF-B658-4802A3B5FCBA}.Debug|Any CPU.Build.0 = Debug|Any CPU
		{466B6F06-130D-4BFF-B658-4802A3B5FCBA}.Release|Any CPU.ActiveCfg = Release|Any CPU
		{466B6F06-130D-4BFF-B658-4802A3B5FCBA}.Release|Any CPU.Build.0 = Release|Any CPU
	EndGlobalSection
	GlobalSection(SolutionProperties) = preSolution
		HideSolutionNode = FALSE
	EndGlobalSection
	GlobalSection(ExtensibilityGlobals) = postSolution
		SolutionGuid = {EF958613-6EEE-428D-84BC-2B74DE1853DC}
	EndGlobalSection
EndGlobal
